// !$*UTF8*$!
{
	archiveVersion = 1;
	classes = {
	};
	objectVersion = 50;
	objects = {

/* Begin PBXBuildFile section */
		677EA7C021C8463500354626 /* AppDelegate.swift in Sources */ = {isa = PBXBuildFile; fileRef = 677EA7BF21C8463500354626 /* AppDelegate.swift */; };
		677EA7C221C8463500354626 /* ViewController.swift in Sources */ = {isa = PBXBuildFile; fileRef = 677EA7C121C8463500354626 /* ViewController.swift */; };
		677EA7C521C8463500354626 /* Main.storyboard in Resources */ = {isa = PBXBuildFile; fileRef = 677EA7C321C8463500354626 /* Main.storyboard */; };
		677EA7C721C8463600354626 /* Assets.xcassets in Resources */ = {isa = PBXBuildFile; fileRef = 677EA7C621C8463600354626 /* Assets.xcassets */; };
		677EA7CA21C8463600354626 /* LaunchScreen.storyboard in Resources */ = {isa = PBXBuildFile; fileRef = 677EA7C821C8463600354626 /* LaunchScreen.storyboard */; };
		677EA7D321C8465900354626 /* EECircularProgressBar.swift in Sources */ = {isa = PBXBuildFile; fileRef = 677EA7D221C8465900354626 /* EECircularProgressBar.swift */; };
/* End PBXBuildFile section */

/* Begin PBXFileReference section */
		677EA7BC21C8463500354626 /* EECircularProgressBar.app */ = {isa = PBXFileReference; explicitFileType = wrapper.application; includeInIndex = 0; path = EECircularProgressBar.app; sourceTree = BUILT_PRODUCTS_DIR; };
		677EA7BF21C8463500354626 /* AppDelegate.swift */ = {isa = PBXFileReference; lastKnownFileType = sourcecode.swift; path = AppDelegate.swift; sourceTree = "<group>"; };
		677EA7C121C8463500354626 /* ViewController.swift */ = {isa = PBXFileReference; lastKnownFileType = sourcecode.swift; path = ViewController.swift; sourceTree = "<group>"; };
		677EA7C421C8463500354626 /* Base */ = {isa = PBXFileReference; lastKnownFileType = file.storyboard; name = Base; path = Base.lproj/Main.storyboard; sourceTree = "<group>"; };
		677EA7C621C8463600354626 /* Assets.xcassets */ = {isa = PBXFileReference; lastKnownFileType = folder.assetcatalog; path = Assets.xcassets; sourceTree = "<group>"; };
		677EA7C921C8463600354626 /* Base */ = {isa = PBXFileReference; lastKnownFileType = file.storyboard; name = Base; path = Base.lproj/LaunchScreen.storyboard; sourceTree = "<group>"; };
		677EA7CB21C8463600354626 /* Info.plist */ = {isa = PBXFileReference; lastKnownFileType = text.plist.xml; path = Info.plist; sourceTree = "<group>"; };
		677EA7D221C8465900354626 /* EECircularProgressBar.swift */ = {isa = PBXFileReference; fileEncoding = 4; lastKnownFileType = sourcecode.swift; path = EECircularProgressBar.swift; sourceTree = "<group>"; };
/* End PBXFileReference section */

/* Begin PBXFrameworksBuildPhase section */
		677EA7B921C8463500354626 /* Frameworks */ = {
			isa = PBXFrameworksBuildPhase;
			buildActionMask = 2147483647;
			files = (
			);
			runOnlyForDeploymentPostprocessing = 0;
		};
/* End PBXFrameworksBuildPhase section */

/* Begin PBXGroup section */
		677EA7B321C8463500354626 = {
			isa = PBXGroup;
			children = (
				677EA7BE21C8463500354626 /* EECircularProgressBar */,
				677EA7BD21C8463500354626 /* Products */,
			);
			sourceTree = "<group>";
		};
		677EA7BD21C8463500354626 /* Products */ = {
			isa = PBXGroup;
			children = (
				677EA7BC21C8463500354626 /* EECircularProgressBar.app */,
			);
			name = Products;
			sourceTree = "<group>";
		};
		677EA7BE21C8463500354626 /* EECircularProgressBar */ = {
			isa = PBXGroup;
			children = (
				677EA7BF21C8463500354626 /* AppDelegate.swift */,
				677EA7C121C8463500354626 /* ViewController.swift */,
				677EA7D121C8465900354626 /* EECircularProgressBar */,
				677EA7C321C8463500354626 /* Main.storyboard */,
				677EA7C621C8463600354626 /* Assets.xcassets */,
				677EA7C821C8463600354626 /* LaunchScreen.storyboard */,
				677EA7CB21C8463600354626 /* Info.plist */,
			);
			path = EECircularProgressBar;
			sourceTree = "<group>";
		};
		677EA7D121C8465900354626 /* EECircularProgressBar */ = {
			isa = PBXGroup;
			children = (
				677EA7D221C8465900354626 /* EECircularProgressBar.swift */,
			);
			path = EECircularProgressBar;
			sourceTree = "<group>";
		};
/* End PBXGroup section */

/* Begin PBXNativeTarget section */
		677EA7BB21C8463500354626 /* EECircularProgressBar */ = {
			isa = PBXNativeTarget;
			buildConfigurationList = 677EA7CE21C8463600354626 /* Build configuration list for PBXNativeTarget "EECircularProgressBar" */;
			buildPhases = (
				677EA7B821C8463500354626 /* Sources */,
				677EA7B921C8463500354626 /* Frameworks */,
				677EA7BA21C8463500354626 /* Resources */,
			);
			buildRules = (
			);
			dependencies = (
			);
			name = EECircularProgressBar;
			productName = EECircularProgressBar;
			productReference = 677EA7BC21C8463500354626 /* EECircularProgressBar.app */;
			productType = "com.apple.product-type.application";
		};
/* End PBXNativeTarget section */

/* Begin PBXProject section */
		677EA7B421C8463500354626 /* Project object */ = {
			isa = PBXProject;
			attributes = {
				LastSwiftUpdateCheck = 1000;
				LastUpgradeCheck = 1000;
				ORGANIZATIONNAME = Emre;
				TargetAttributes = {
					677EA7BB21C8463500354626 = {
						CreatedOnToolsVersion = 10.0;
					};
				};
			};
			buildConfigurationList = 677EA7B721C8463500354626 /* Build configuration list for PBXProject "EECircularProgressBar" */;
			compatibilityVersion = "Xcode 9.3";
			developmentRegion = en;
			hasScannedForEncodings = 0;
			knownRegions = (
				en,
				Base,
			);
			mainGroup = 677EA7B321C8463500354626;
			productRefGroup = 677EA7BD21C8463500354626 /* Products */;
			projectDirPath = "";
			projectRoot = "";
			targets = (
				677EA7BB21C8463500354626 /* EECircularProgressBar */,
			);
		};
/* End PBXProject section */

/* Begin PBXResourcesBuildPhase section */
		677EA7BA21C8463500354626 /* Resources */ = {
			isa = PBXResourcesBuildPhase;
			buildActionMask = 2147483647;
			files = (
				677EA7CA21C8463600354626 /* LaunchScreen.storyboard in Resources */,
				677EA7C721C8463600354626 /* Assets.xcassets in Resources */,
				677EA7C521C8463500354626 /* Main.storyboard in Resources */,
			);
			runOnlyForDeploymentPostprocessing = 0;
		};
/* End PBXResourcesBuildPhase section */

/* Begin PBXSourcesBuildPhase section */
		677EA7B821C8463500354626 /* Sources */ = {
			isa = PBXSourcesBuildPhase;
			buildActionMask = 2147483647;
			files = (
				677EA7D321C8465900354626 /* EECircularProgressBar.swift in Sources */,
				677EA7C221C8463500354626 /* ViewController.swift in Sources */,
				677EA7C021C8463500354626 /* AppDelegate.swift in Sources */,
			);
			runOnlyForDeploymentPostprocessing = 0;
		};
/* End PBXSourcesBuildPhase section */

/* Begin PBXVariantGroup section */
		677EA7C321C8463500354626 /* Main.storyboard */ = {
			isa = PBXVariantGroup;
			children = (
				677EA7C421C8463500354626 /* Base */,
			);
			name = Main.storyboard;
			sourceTree = "<group>";
		};
		677EA7C821C8463600354626 /* LaunchScreen.storyboard */ = {
			isa = PBXVariantGroup;
			children = (
				677EA7C921C8463600354626 /* Base */,
			);
			name = LaunchScreen.storyboard;
			sourceTree = "<group>";
		};
/* End PBXVariantGroup section */

/* Begin XCBuildConfiguration section */
		677EA7CC21C8463600354626 /* Debug */ = {
			isa = XCBuildConfiguration;
			buildSettings = {
				ALWAYS_SEARCH_USER_PATHS = NO;
				CLANG_ANALYZER_NONNULL = YES;
				CLANG_ANALYZER_NUMBER_OBJECT_CONVERSION = YES_AGGRESSIVE;
				CLANG_CXX_LANGUAGE_STANDARD = "gnu++14";
				CLANG_CXX_LIBRARY = "libc++";
				CLANG_ENABLE_MODULES = YES;
				CLANG_ENABLE_OBJC_ARC = YES;
				CLANG_ENABLE_OBJC_WEAK = YES;
				CLANG_WARN_BLOCK_CAPTURE_AUTORELEASING = YES;
				CLANG_WARN_BOOL_CONVERSION = YES;
				CLANG_WARN_COMMA = YES;
				CLANG_WARN_CONSTANT_CONVERSION = YES;
				CLANG_WARN_DEPRECATED_OBJC_IMPLEMENTATIONS = YES;
				CLANG_WARN_DIRECT_OBJC_ISA_USAGE = YES_ERROR;
				CLANG_WARN_DOCUMENTATION_COMMENTS = YES;
				CLANG_WARN_EMPTY_BODY = YES;
				CLANG_WARN_ENUM_CONVERSION = YES;
				CLANG_WARN_INFINITE_RECURSION = YES;
				CLANG_WARN_INT_CONVERSION = YES;
				CLANG_WARN_NON_LITERAL_NULL_CONVERSION = YES;
				CLANG_WARN_OBJC_IMPLICIT_RETAIN_SELF = YES;
				CLANG_WARN_OBJC_LITERAL_CONVERSION = YES;
				CLANG_WARN_OBJC_ROOT_CLASS = YES_ERROR;
				CLANG_WARN_RANGE_LOOP_ANALYSIS = YES;
				CLANG_WARN_STRICT_PROTOTYPES = YES;
				CLANG_WARN_SUSPICIOUS_MOVE = YES;
				CLANG_WARN_UNGUARDED_AVAILABILITY = YES_AGGRESSIVE;
				CLANG_WARN_UNREACHABLE_CODE = YES;
				CLANG_WARN__DUPLICATE_METHOD_MATCH = YES;
				CODE_SIGN_IDENTITY = "iPhone Developer";
				COPY_PHASE_STRIP = NO;
				DEBUG_INFORMATION_FORMAT = dwarf;
				ENABLE_STRICT_OBJC_MSGSEND = YES;
				ENABLE_TESTABILITY = YES;
				GCC_C_LANGUAGE_STANDARD = gnu11;
				GCC_DYNAMIC_NO_PIC = NO;
				GCC_NO_COMMON_BLOCKS = YES;
				GCC_OPTIMIZATION_LEVEL = 0;
				GCC_PREPROCESSOR_DEFINITIONS = (
					"DEBUG=1",
					"$(inherited)",
				);
				GCC_WARN_64_TO_32_BIT_CONVERSION = YES;
				GCC_WARN_ABOUT_RETURN_TYPE = YES_ERROR;
				GCC_WARN_UNDECLARED_SELECTOR = YES;
				GCC_WARN_UNINITIALIZED_AUTOS = YES_AGGRESSIVE;
				GCC_WARN_UNUSED_FUNCTION = YES;
				GCC_WARN_UNUSED_VARIABLE = YES;
				IPHONEOS_DEPLOYMENT_TARGET = 12.0;
				MTL_ENABLE_DEBUG_INFO = INCLUDE_SOURCE;
				MTL_FAST_MATH = YES;
				ONLY_ACTIVE_ARCH = YES;
				SDKROOT = iphoneos;
				SWIFT_ACTIVE_COMPILATION_CONDITIONS = DEBUG;
				SWIFT_OPTIMIZATION_LEVEL = "-Onone";
			};
			name = Debug;
		};
		677EA7CD21C8463600354626 /* Release */ = {
			isa = XCBuildConfiguration;
			buildSettings = {
				ALWAYS_SEARCH_USER_PATHS = NO;
				CLANG_ANALYZER_NONNULL = YES;
				CLANG_ANALYZER_NUMBER_OBJECT_CONVERSION = YES_AGGRESSIVE;
				CLANG_CXX_LANGUAGE_STANDARD = "gnu++14";
				CLANG_CXX_LIBRARY = "libc++";
				CLANG_ENABLE_MODULES = YES;
				CLANG_ENABLE_OBJC_ARC = YES;
				CLANG_ENABLE_OBJC_WEAK = YES;
				CLANG_WARN_BLOCK_CAPTURE_AUTORELEASING = YES;
				CLANG_WARN_BOOL_CONVERSION = YES;
				CLANG_WARN_COMMA = YES;
				CLANG_WARN_CONSTANT_CONVERSION = YES;
				CLANG_WARN_DEPRECATED_OBJC_IMPLEMENTATIONS = YES;
				CLANG_WARN_DIRECT_OBJC_ISA_USAGE = YES_ERROR;
				CLANG_WARN_DOCUMENTATION_COMMENTS = YES;
				CLANG_WARN_EMPTY_BODY = YES;
				CLANG_WARN_ENUM_CONVERSION = YES;
				CLANG_WARN_INFINITE_RECURSION = YES;
				CLANG_WARN_INT_CONVERSION = YES;
				CLANG_WARN_NON_LITERAL_NULL_CONVERSION = YES;
				CLANG_WARN_OBJC_IMPLICIT_RETAIN_SELF = YES;
				CLANG_WARN_OBJC_LITERAL_CONVERSION = YES;
				CLANG_WARN_OBJC_ROOT_CLASS = YES_ERROR;
				CLANG_WARN_RANGE_LOOP_ANALYSIS = YES;
				CLANG_WARN_STRICT_PROTOTYPES = YES;
				CLANG_WARN_SUSPICIOUS_MOVE = YES;
				CLANG_WARN_UNGUARDED_AVAILABILITY = YES_AGGRESSIVE;
				CLANG_WARN_UNREACHABLE_CODE = YES;
				CLANG_WARN__DUPLICATE_METHOD_MATCH = YES;
				CODE_SIGN_IDENTITY = "iPhone Developer";
				COPY_PHASE_STRIP = NO;
				DEBUG_INFORMATION_FORMAT = "dwarf-with-dsym";
				ENABLE_NS_ASSERTIONS = NO;
				ENABLE_STRICT_OBJC_MSGSEND = YES;
				GCC_C_LANGUAGE_STANDARD = gnu11;
				GCC_NO_COMMON_BLOCKS = YES;
				GCC_WARN_64_TO_32_BIT_CONVERSION = YES;
				GCC_WARN_ABOUT_RETURN_TYPE = YES_ERROR;
				GCC_WARN_UNDECLARED_SELECTOR = YES;
				GCC_WARN_UNINITIALIZED_AUTOS = YES_AGGRESSIVE;
				GCC_WARN_UNUSED_FUNCTION = YES;
				GCC_WARN_UNUSED_VARIABLE = YES;
				IPHONEOS_DEPLOYMENT_TARGET = 12.0;
				MTL_ENABLE_DEBUG_INFO = NO;
				MTL_FAST_MATH = YES;
				SDKROOT = iphoneos;
				SWIFT_COMPILATION_MODE = wholemodule;
				SWIFT_OPTIMIZATION_LEVEL = "-O";
				VALIDATE_PRODUCT = YES;
			};
			name = Release;
		};
		677EA7CF21C8463600354626 /* Debug */ = {
			isa = XCBuildConfiguration;
			buildSettings = {
				ASSETCATALOG_COMPILER_APPICON_NAME = AppIcon;
				CODE_SIGN_STYLE = Automatic;
				DEVELOPMENT_TEAM = TL5WBK3BS7;
				INFOPLIST_FILE = EECircularProgressBar/Info.plist;
				LD_RUNPATH_SEARCH_PATHS = (
					"$(inherited)",
					"@executable_path/Frameworks",
				);
				PRODUCT_BUNDLE_IDENTIFIER = FUREM.EECircularProgressBar;
				PRODUCT_NAME = "$(TARGET_NAME)";
				SWIFT_VERSION = 4.2;
				TARGETED_DEVICE_FAMILY = "1,2";
			};
			name = Debug;
		};
		677EA7D021C8463600354626 /* Release */ = {
			isa = XCBuildConfiguration;
			buildSettings = {
				ASSETCATALOG_COMPILER_APPICON_NAME = AppIcon;
				CODE_SIGN_STYLE = Automatic;
				DEVELOPMENT_TEAM = TL5WBK3BS7;
				INFOPLIST_FILE = EECircularProgressBar/Info.plist;
				LD_RUNPATH_SEARCH_PATHS = (
					"$(inherited)",
					"@executable_path/Frameworks",
				);
				PRODUCT_BUNDLE_IDENTIFIER = FUREM.EECircularProgressBar;
				PRODUCT_NAME = "$(TARGET_NAME)";
				SWIFT_VERSION = 4.2;
				TARGETED_DEVICE_FAMILY = "1,2";
			};
			name = Release;
		};
/* End XCBuildConfiguration section */

/* Begin XCConfigurationList section */
		677EA7B721C8463500354626 /* Build configuration list for PBXProject "EECircularProgressBar" */ = {
			isa = XCConfigurationList;
			buildConfigurations = (
				677EA7CC21C8463600354626 /* Debug */,
				677EA7CD21C8463600354626 /* Release */,
			);
			defaultConfigurationIsVisible = 0;
			defaultConfigurationName = Release;
		};
		677EA7CE21C8463600354626 /* Build configuration list for PBXNativeTarget "EECircularProgressBar" */ = {
			isa = XCConfigurationList;
			buildConfigurations = (
				677EA7CF21C8463600354626 /* Debug */,
				677EA7D021C8463600354626 /* Release */,
			);
			defaultConfigurationIsVisible = 0;
			defaultConfigurationName = Release;
		};
/* End XCConfigurationList section */
	};
	rootObject = 677EA7B421C8463500354626 /* Project object */;
}
